
Microsoft Visual Studio Solution File, Format Version 12.00
# Visual Studio Version 17
VisualStudioVersion = 17.5.002.0
MinimumVisualStudioVersion = 10.0.40219.1
Project("{9A19103F-16F7-4668-BE54-9A1E7A4F7556}") = "SampleUiGallery", "SampleUiGallery.csproj", "{61E032A0-4C74-4A47-9CA5-9B41AEA9B261}"
EndProject
Global
	GlobalSection(SolutionConfigurationPlatforms) = preSolution
		Debug|Any CPU = Debug|Any CPU
		Release|Any CPU = Release|Any CPU
	EndGlobalSection
	GlobalSection(ProjectConfigurationPlatforms) = postSolution
		{61E032A0-4C74-4A47-9CA5-9B41AEA9B261}.Debug|Any CPU.ActiveCfg = Debug|Any CPU
		{61E032A0-4C74-4A47-9CA5-9B41AEA9B261}.Debug|Any CPU.Build.0 = Debug|Any CPU
		{61E032A0-4C74-4A47-9CA5-9B41AEA9B261}.Debug|Any CPU.Deploy.0 = Debug|Any CPU
		{61E032A0-4C74-4A47-9CA5-9B41AEA9B261}.Release|Any CPU.ActiveCfg = Release|Any CPU
		{61E032A0-4C74-4A47-9CA5-9B41AEA9B261}.Release|Any CPU.Build.0 = Release|Any CPU
	EndGlobalSection
	GlobalSection(SolutionProperties) = preSolution
		HideSolutionNode = FALSE
	EndGlobalSection
	GlobalSection(ExtensibilityGlobals) = postSolution
		SolutionGuid = {F2EF0592-DF03-40E8-9556-030603AFC6D4}
	EndGlobalSection
EndGlobal
